
Microsoft Visual Studio Solution File, Format Version 12.00
# Visual Studio Version 17
VisualStudioVersion = 17.12.35527.113
MinimumVisualStudioVersion = 10.0.40219.1
Project("{FAE04EC0-301F-11D3-BF4B-00C04F79EFBC}") = "Llama.Cpp.Cache", "Llama.Cpp.Cache\Llama.Cpp.Cache.csproj", "{E5F7B9F6-10B2-4C6D-929E-3EF9DE6EC1CC}"
EndProject
Global
	GlobalSection(SolutionConfigurationPlatforms) = preSolution
		Debug|Any CPU = Debug|Any CPU
		Release|Any CPU = Release|Any CPU
	EndGlobalSection
	GlobalSection(ProjectConfigurationPlatforms) = postSolution
		{E5F7B9F6-10B2-4C6D-929E-3EF9DE6EC1CC}.Debug|Any CPU.ActiveCfg = Debug|Any CPU
		{E5F7B9F6-10B2-4C6D-929E-3EF9DE6EC1CC}.Debug|Any CPU.Build.0 = Debug|Any CPU
		{E5F7B9F6-10B2-4C6D-929E-3EF9DE6EC1CC}.Release|Any CPU.ActiveCfg = Release|Any CPU
		{E5F7B9F6-10B2-4C6D-929E-3EF9DE6EC1CC}.Release|Any CPU.Build.0 = Release|Any CPU
	EndGlobalSection
	GlobalSection(SolutionProperties) = preSolution
		HideSolutionNode = FALSE
	EndGlobalSection
EndGlobal
